// !$*UTF8*$!
{
	archiveVersion = 1;
	classes = {
	};
	objectVersion = 46;
	objects = {

/* Begin PBXBuildFile section */
		31CA22081F287BC100460760 /* AppDelegate.swift in Sources */ = {isa = PBXBuildFile; fileRef = 31CA22071F287BC100460760 /* AppDelegate.swift */; };
		31CA220A1F287BC100460760 /* ViewController.swift in Sources */ = {isa = PBXBuildFile; fileRef = 31CA22091F287BC100460760 /* ViewController.swift */; };
		31CA220D1F287BC100460760 /* Main.storyboard in Resources */ = {isa = PBXBuildFile; fileRef = 31CA220B1F287BC100460760 /* Main.storyboard */; };
		31CA220F1F287BC100460760 /* Assets.xcassets in Resources */ = {isa = PBXBuildFile; fileRef = 31CA220E1F287BC100460760 /* Assets.xcassets */; };
		31CA22121F287BC100460760 /* LaunchScreen.storyboard in Resources */ = {isa = PBXBuildFile; fileRef = 31CA22101F287BC100460760 /* LaunchScreen.storyboard */; };
/* End PBXBuildFile section */

/* Begin PBXFileReference section */
		31CA22041F287BC100460760 /* 访问控制.app */ = {isa = PBXFileReference; explicitFileType = wrapper.application; includeInIndex = 0; path = "访问控制.app"; sourceTree = BUILT_PRODUCTS_DIR; };
		31CA22071F287BC100460760 /* AppDelegate.swift */ = {isa = PBXFileReference; lastKnownFileType = sourcecode.swift; path = AppDelegate.swift; sourceTree = "<group>"; };
		31CA22091F287BC100460760 /* ViewController.swift */ = {isa = PBXFileReference; lastKnownFileType = sourcecode.swift; path = ViewController.swift; sourceTree = "<group>"; };
		31CA220C1F287BC100460760 /* Base */ = {isa = PBXFileReference; lastKnownFileType = file.storyboard; name = Base; path = Base.lproj/Main.storyboard; sourceTree = "<group>"; };
		31CA220E1F287BC100460760 /* Assets.xcassets */ = {isa = PBXFileReference; lastKnownFileType = folder.assetcatalog; path = Assets.xcassets; sourceTree = "<group>"; };
		31CA22111F287BC100460760 /* Base */ = {isa = PBXFileReference; lastKnownFileType = file.storyboard; name = Base; path = Base.lproj/LaunchScreen.storyboard; sourceTree = "<group>"; };
		31CA22131F287BC100460760 /* Info.plist */ = {isa = PBXFileReference; lastKnownFileType = text.plist.xml; path = Info.plist; sourceTree = "<group>"; };
/* End PBXFileReference section */

/* Begin PBXFrameworksBuildPhase section */
		31CA22011F287BC100460760 /* Frameworks */ = {
			isa = PBXFrameworksBuildPhase;
			buildActionMask = 2147483647;
			files = (
			);
			runOnlyForDeploymentPostprocessing = 0;
		};
/* End PBXFrameworksBuildPhase section */

/* Begin PBXGroup section */
		31CA21FB1F287BC100460760 = {
			isa = PBXGroup;
			children = (
				31CA22061F287BC100460760 /* 访问控制 */,
				31CA22051F287BC100460760 /* Products */,
			);
			sourceTree = "<group>";
		};
		31CA22051F287BC100460760 /* Products */ = {
			isa = PBXGroup;
			children = (
				31CA22041F287BC100460760 /* 访问控制.app */,
			);
			name = Products;
			sourceTree = "<group>";
		};
		31CA22061F287BC100460760 /* 访问控制 */ = {
			isa = PBXGroup;
			children = (
				31CA22071F287BC100460760 /* AppDelegate.swift */,
				31CA22091F287BC100460760 /* ViewController.swift */,
				31CA220B1F287BC100460760 /* Main.storyboard */,
				31CA220E1F287BC100460760 /* Assets.xcassets */,
				31CA22101F287BC100460760 /* LaunchScreen.storyboard */,
				31CA22131F287BC100460760 /* Info.plist */,
			);
			path = "访问控制";
			sourceTree = "<group>";
		};
/* End PBXGroup section */

/* Begin PBXNativeTarget section */
		31CA22031F287BC100460760 /* 访问控制 */ = {
			isa = PBXNativeTarget;
			buildConfigurationList = 31CA22161F287BC100460760 /* Build configuration list for PBXNativeTarget "访问控制" */;
			buildPhases = (
				31CA22001F287BC100460760 /* Sources */,
				31CA22011F287BC100460760 /* Frameworks */,
				31CA22021F287BC100460760 /* Resources */,
			);
			buildRules = (
			);
			dependencies = (
			);
			name = "访问控制";
			productName = "访问控制";
			productReference = 31CA22041F287BC100460760 /* 访问控制.app */;
			productType = "com.apple.product-type.application";
		};
/* End PBXNativeTarget section */

/* Begin PBXProject section */
		31CA21FC1F287BC100460760 /* Project object */ = {
			isa = PBXProject;
			attributes = {
				LastSwiftUpdateCheck = 0830;
				LastUpgradeCheck = 0830;
				ORGANIZATIONNAME = "朱海燕";
				TargetAttributes = {
					31CA22031F287BC100460760 = {
						CreatedOnToolsVersion = 8.3.3;
						DevelopmentTeam = 8W5UTYMJE7;
						ProvisioningStyle = Automatic;
					};
				};
			};
			buildConfigurationList = 31CA21FF1F287BC100460760 /* Build configuration list for PBXProject "访问控制" */;
			compatibilityVersion = "Xcode 3.2";
			developmentRegion = English;
			hasScannedForEncodings = 0;
			knownRegions = (
				en,
				Base,
			);
			mainGroup = 31CA21FB1F287BC100460760;
			productRefGroup = 31CA22051F287BC100460760 /* Products */;
			projectDirPath = "";
			projectRoot = "";
			targets = (
				31CA22031F287BC100460760 /* 访问控制 */,
			);
		};
/* End PBXProject section */

/* Begin PBXResourcesBuildPhase section */
		31CA22021F287BC100460760 /* Resources */ = {
			isa = PBXResourcesBuildPhase;
			buildActionMask = 2147483647;
			files = (
				31CA22121F287BC100460760 /* LaunchScreen.storyboard in Resources */,
				31CA220F1F287BC100460760 /* Assets.xcassets in Resources */,
				31CA220D1F287BC100460760 /* Main.storyboard in Resources */,
			);
			runOnlyForDeploymentPostprocessing = 0;
		};
/* End PBXResourcesBuildPhase section */

/* Begin PBXSourcesBuildPhase section */
		31CA22001F287BC100460760 /* Sources */ = {
			isa = PBXSourcesBuildPhase;
			buildActionMask = 2147483647;
			files = (
				31CA220A1F287BC100460760 /* ViewController.swift in Sources */,
				31CA22081F287BC100460760 /* AppDelegate.swift in Sources */,
			);
			runOnlyForDeploymentPostprocessing = 0;
		};
/* End PBXSourcesBuildPhase section */

/* Begin PBXVariantGroup section */
		31CA220B1F287BC100460760 /* Main.storyboard */ = {
			isa = PBXVariantGroup;
			children = (
				31CA220C1F287BC100460760 /* Base */,
			);
			name = Main.storyboard;
			sourceTree = "<group>";
		};
		31CA22101F287BC100460760 /* LaunchScreen.storyboard */ = {
			isa = PBXVariantGroup;
			children = (
				31CA22111F287BC100460760 /* Base */,
			);
			name = LaunchScreen.storyboard;
			sourceTree = "<group>";
		};
/* End PBXVariantGroup section */

/* Begin XCBuildConfiguration section */
		31CA22141F287BC100460760 /* Debug */ = {
			isa = XCBuildConfiguration;
			buildSettings = {
				ALWAYS_SEARCH_USER_PATHS = NO;
				CLANG_ANALYZER_NONNULL = YES;
				CLANG_ANALYZER_NUMBER_OBJECT_CONVERSION = YES_AGGRESSIVE;
				CLANG_CXX_LANGUAGE_STANDARD = "gnu++0x";
				CLANG_CXX_LIBRARY = "libc++";
				CLANG_ENABLE_MODULES = YES;
				CLANG_ENABLE_OBJC_ARC = YES;
				CLANG_WARN_BOOL_CONVERSION = YES;
				CLANG_WARN_CONSTANT_CONVERSION = YES;
				CLANG_WARN_DIRECT_OBJC_ISA_USAGE = YES_ERROR;
				CLANG_WARN_DOCUMENTATION_COMMENTS = YES;
				CLANG_WARN_EMPTY_BODY = YES;
				CLANG_WARN_ENUM_CONVERSION = YES;
				CLANG_WARN_INFINITE_RECURSION = YES;
				CLANG_WARN_INT_CONVERSION = YES;
				CLANG_WARN_OBJC_ROOT_CLASS = YES_ERROR;
				CLANG_WARN_SUSPICIOUS_MOVE = YES;
				CLANG_WARN_UNREACHABLE_CODE = YES;
				CLANG_WARN__DUPLICATE_METHOD_MATCH = YES;
				"CODE_SIGN_IDENTITY[sdk=iphoneos*]" = "iPhone Developer";
				COPY_PHASE_STRIP = NO;
				DEBUG_INFORMATION_FORMAT = dwarf;
				ENABLE_STRICT_OBJC_MSGSEND = YES;
				ENABLE_TESTABILITY = YES;
				GCC_C_LANGUAGE_STANDARD = gnu99;
				GCC_DYNAMIC_NO_PIC = NO;
				GCC_NO_COMMON_BLOCKS = YES;
				GCC_OPTIMIZATION_LEVEL = 0;
				GCC_PREPROCESSOR_DEFINITIONS = (
					"DEBUG=1",
					"$(inherited)",
				);
				GCC_WARN_64_TO_32_BIT_CONVERSION = YES;
				GCC_WARN_ABOUT_RETURN_TYPE = YES_ERROR;
				GCC_WARN_UNDECLARED_SELECTOR = YES;
				GCC_WARN_UNINITIALIZED_AUTOS = YES_AGGRESSIVE;
				GCC_WARN_UNUSED_FUNCTION = YES;
				GCC_WARN_UNUSED_VARIABLE = YES;
				IPHONEOS_DEPLOYMENT_TARGET = 10.3;
				MTL_ENABLE_DEBUG_INFO = YES;
				ONLY_ACTIVE_ARCH = YES;
				SDKROOT = iphoneos;
				SWIFT_ACTIVE_COMPILATION_CONDITIONS = DEBUG;
				SWIFT_OPTIMIZATION_LEVEL = "-Onone";
			};
			name = Debug;
		};
		31CA22151F287BC100460760 /* Release */ = {
			isa = XCBuildConfiguration;
			buildSettings = {
				ALWAYS_SEARCH_USER_PATHS = NO;
				CLANG_ANALYZER_NONNULL = YES;
				CLANG_ANALYZER_NUMBER_OBJECT_CONVERSION = YES_AGGRESSIVE;
				CLANG_CXX_LANGUAGE_STANDARD = "gnu++0x";
				CLANG_CXX_LIBRARY = "libc++";
				CLANG_ENABLE_MODULES = YES;
				CLANG_ENABLE_OBJC_ARC = YES;
				CLANG_WARN_BOOL_CONVERSION = YES;
				CLANG_WARN_CONSTANT_CONVERSION = YES;
				CLANG_WARN_DIRECT_OBJC_ISA_USAGE = YES_ERROR;
				CLANG_WARN_DOCUMENTATION_COMMENTS = YES;
				CLANG_WARN_EMPTY_BODY = YES;
				CLANG_WARN_ENUM_CONVERSION = YES;
				CLANG_WARN_INFINITE_RECURSION = YES;
				CLANG_WARN_INT_CONVERSION = YES;
				CLANG_WARN_OBJC_ROOT_CLASS = YES_ERROR;
				CLANG_WARN_SUSPICIOUS_MOVE = YES;
				CLANG_WARN_UNREACHABLE_CODE = YES;
				CLANG_WARN__DUPLICATE_METHOD_MATCH = YES;
				"CODE_SIGN_IDENTITY[sdk=iphoneos*]" = "iPhone Developer";
				COPY_PHASE_STRIP = NO;
				DEBUG_INFORMATION_FORMAT = "dwarf-with-dsym";
				ENABLE_NS_ASSERTIONS = NO;
				ENABLE_STRICT_OBJC_MSGSEND = YES;
				GCC_C_LANGUAGE_STANDARD = gnu99;
				GCC_NO_COMMON_BLOCKS = YES;
				GCC_WARN_64_TO_32_BIT_CONVERSION = YES;
				GCC_WARN_ABOUT_RETURN_TYPE = YES_ERROR;
				GCC_WARN_UNDECLARED_SELECTOR = YES;
				GCC_WARN_UNINITIALIZED_AUTOS = YES_AGGRESSIVE;
				GCC_WARN_UNUSED_FUNCTION = YES;
				GCC_WARN_UNUSED_VARIABLE = YES;
				IPHONEOS_DEPLOYMENT_TARGET = 10.3;
				MTL_ENABLE_DEBUG_INFO = NO;
				SDKROOT = iphoneos;
				SWIFT_OPTIMIZATION_LEVEL = "-Owholemodule";
				VALIDATE_PRODUCT = YES;
			};
			name = Release;
		};
		31CA22171F287BC100460760 /* Debug */ = {
			isa = XCBuildConfiguration;
			buildSettings = {
				ASSETCATALOG_COMPILER_APPICON_NAME = AppIcon;
				DEVELOPMENT_TEAM = 8W5UTYMJE7;
				INFOPLIST_FILE = "访问控制/Info.plist";
				LD_RUNPATH_SEARCH_PATHS = "$(inherited) @executable_path/Frameworks";
				PRODUCT_BUNDLE_IDENTIFIER = "com.huayu.----";
				PRODUCT_NAME = "$(TARGET_NAME)";
				SWIFT_VERSION = 3.0;
			};
			name = Debug;
		};
		31CA22181F287BC100460760 /* Release */ = {
			isa = XCBuildConfiguration;
			buildSettings = {
				ASSETCATALOG_COMPILER_APPICON_NAME = AppIcon;
				DEVELOPMENT_TEAM = 8W5UTYMJE7;
				INFOPLIST_FILE = "访问控制/Info.plist";
				LD_RUNPATH_SEARCH_PATHS = "$(inherited) @executable_path/Frameworks";
				PRODUCT_BUNDLE_IDENTIFIER = "com.huayu.----";
				PRODUCT_NAME = "$(TARGET_NAME)";
				SWIFT_VERSION = 3.0;
			};
			name = Release;
		};
/* End XCBuildConfiguration section */

/* Begin XCConfigurationList section */
		31CA21FF1F287BC100460760 /* Build configuration list for PBXProject "访问控制" */ = {
			isa = XCConfigurationList;
			buildConfigurations = (
				31CA22141F287BC100460760 /* Debug */,
				31CA22151F287BC100460760 /* Release */,
			);
			defaultConfigurationIsVisible = 0;
			defaultConfigurationName = Release;
		};
		31CA22161F287BC100460760 /* Build configuration list for PBXNativeTarget "访问控制" */ = {
			isa = XCConfigurationList;
			buildConfigurations = (
				31CA22171F287BC100460760 /* Debug */,
				31CA22181F287BC100460760 /* Release */,
			);
			defaultConfigurationIsVisible = 0;
		};
/* End XCConfigurationList section */
	};
	rootObject = 31CA21FC1F287BC100460760 /* Project object */;
}
